
Microsoft Visual Studio Solution File, Format Version 12.00
# Visual Studio Version 16
VisualStudioVersion = 16.0.31313.79
MinimumVisualStudioVersion = 10.0.40219.1
Project("{FAE04EC0-301F-11D3-BF4B-00C04F79EFBC}") = "programAnalysis", "programAnalysis\programAnalysis.csproj", "{9FFE75BD-80DA-4160-B6EE-87F8D193D3C2}"
EndProject
Project("{FAE04EC0-301F-11D3-BF4B-00C04F79EFBC}") = "Hypotenuse", "Hypotenuse\Hypotenuse.csproj", "{91D26BDB-49EC-4E53-ADF2-1AD01EBBBA05}"
EndProject
Project("{FAE04EC0-301F-11D3-BF4B-00C04F79EFBC}") = "programAnalysisTwo", "programAnalysisTwo\programAnalysisTwo.csproj", "{692BD782-B83C-448F-A9DA-39E8B704080C}"
EndProject
Project("{FAE04EC0-301F-11D3-BF4B-00C04F79EFBC}") = "oneHundredthOfaNumber", "oneHundredthOfaNumber\oneHundredthOfaNumber.csproj", "{97E91003-DDA1-4460-A8DD-2156E7A679D8}"
EndProject
Project("{FAE04EC0-301F-11D3-BF4B-00C04F79EFBC}") = "programAnalysisThree", "programAnalysisThree\programAnalysisThree.csproj", "{A0D098D0-567C-405D-9B84-80E458B6A3B9}"
EndProject
Project("{FAE04EC0-301F-11D3-BF4B-00C04F79EFBC}") = "arithmeticProgression", "arithmeticProgression\arithmeticProgression.csproj", "{C62FA60E-5428-4E6E-AD5A-273F887E0CB7}"
EndProject
Project("{FAE04EC0-301F-11D3-BF4B-00C04F79EFBC}") = "sumTheLastThreeDigits", "sumTheLastThreeDigits\sumTheLastThreeDigits.csproj", "{0670FC49-3B77-42DD-AEC5-F6FE7E41A1FA}"
EndProject
Project("{FAE04EC0-301F-11D3-BF4B-00C04F79EFBC}") = "dividingApplesThree", "dividingApplesThree\dividingApplesThree.csproj", "{8E159EB3-16C8-4CAE-9E30-3FA5BDE38171}"
EndProject
Project("{FAE04EC0-301F-11D3-BF4B-00C04F79EFBC}") = "numberPermutation", "numberPermutation\numberPermutation.csproj", "{38A38580-B440-480D-B15A-28022007658F}"
EndProject
Project("{FAE04EC0-301F-11D3-BF4B-00C04F79EFBC}") = "cyclicPermutationsNumbers", "cyclicPermutationsNumbers\cyclicPermutationsNumbers.csproj", "{C0CA37B8-35AB-44CB-9D72-808E8E1C7CD9}"
EndProject
Global
	GlobalSection(SolutionConfigurationPlatforms) = preSolution
		Debug|Any CPU = Debug|Any CPU
		Release|Any CPU = Release|Any CPU
	EndGlobalSection
	GlobalSection(ProjectConfigurationPlatforms) = postSolution
		{9FFE75BD-80DA-4160-B6EE-87F8D193D3C2}.Debug|Any CPU.ActiveCfg = Debug|Any CPU
		{9FFE75BD-80DA-4160-B6EE-87F8D193D3C2}.Debug|Any CPU.Build.0 = Debug|Any CPU
		{9FFE75BD-80DA-4160-B6EE-87F8D193D3C2}.Release|Any CPU.ActiveCfg = Release|Any CPU
		{9FFE75BD-80DA-4160-B6EE-87F8D193D3C2}.Release|Any CPU.Build.0 = Release|Any CPU
		{91D26BDB-49EC-4E53-ADF2-1AD01EBBBA05}.Debug|Any CPU.ActiveCfg = Debug|Any CPU
		{91D26BDB-49EC-4E53-ADF2-1AD01EBBBA05}.Debug|Any CPU.Build.0 = Debug|Any CPU
		{91D26BDB-49EC-4E53-ADF2-1AD01EBBBA05}.Release|Any CPU.ActiveCfg = Release|Any CPU
		{91D26BDB-49EC-4E53-ADF2-1AD01EBBBA05}.Release|Any CPU.Build.0 = Release|Any CPU
		{692BD782-B83C-448F-A9DA-39E8B704080C}.Debug|Any CPU.ActiveCfg = Debug|Any CPU
		{692BD782-B83C-448F-A9DA-39E8B704080C}.Debug|Any CPU.Build.0 = Debug|Any CPU
		{692BD782-B83C-448F-A9DA-39E8B704080C}.Release|Any CPU.ActiveCfg = Release|Any CPU
		{692BD782-B83C-448F-A9DA-39E8B704080C}.Release|Any CPU.Build.0 = Release|Any CPU
		{97E91003-DDA1-4460-A8DD-2156E7A679D8}.Debug|Any CPU.ActiveCfg = Debug|Any CPU
		{97E91003-DDA1-4460-A8DD-2156E7A679D8}.Debug|Any CPU.Build.0 = Debug|Any CPU
		{97E91003-DDA1-4460-A8DD-2156E7A679D8}.Release|Any CPU.ActiveCfg = Release|Any CPU
		{97E91003-DDA1-4460-A8DD-2156E7A679D8}.Release|Any CPU.Build.0 = Release|Any CPU
		{A0D098D0-567C-405D-9B84-80E458B6A3B9}.Debug|Any CPU.ActiveCfg = Debug|Any CPU
		{A0D098D0-567C-405D-9B84-80E458B6A3B9}.Debug|Any CPU.Build.0 = Debug|Any CPU
		{A0D098D0-567C-405D-9B84-80E458B6A3B9}.Release|Any CPU.ActiveCfg = Release|Any CPU
		{A0D098D0-567C-405D-9B84-80E458B6A3B9}.Release|Any CPU.Build.0 = Release|Any CPU
		{C62FA60E-5428-4E6E-AD5A-273F887E0CB7}.Debug|Any CPU.ActiveCfg = Debug|Any CPU
		{C62FA60E-5428-4E6E-AD5A-273F887E0CB7}.Debug|Any CPU.Build.0 = Debug|Any CPU
		{C62FA60E-5428-4E6E-AD5A-273F887E0CB7}.Release|Any CPU.ActiveCfg = Release|Any CPU
		{C62FA60E-5428-4E6E-AD5A-273F887E0CB7}.Release|Any CPU.Build.0 = Release|Any CPU
		{0670FC49-3B77-42DD-AEC5-F6FE7E41A1FA}.Debug|Any CPU.ActiveCfg = Debug|Any CPU
		{0670FC49-3B77-42DD-AEC5-F6FE7E41A1FA}.Debug|Any CPU.Build.0 = Debug|Any CPU
		{0670FC49-3B77-42DD-AEC5-F6FE7E41A1FA}.Release|Any CPU.ActiveCfg = Release|Any CPU
		{0670FC49-3B77-42DD-AEC5-F6FE7E41A1FA}.Release|Any CPU.Build.0 = Release|Any CPU
		{8E159EB3-16C8-4CAE-9E30-3FA5BDE38171}.Debug|Any CPU.ActiveCfg = Debug|Any CPU
		{8E159EB3-16C8-4CAE-9E30-3FA5BDE38171}.Debug|Any CPU.Build.0 = Debug|Any CPU
		{8E159EB3-16C8-4CAE-9E30-3FA5BDE38171}.Release|Any CPU.ActiveCfg = Release|Any CPU
		{8E159EB3-16C8-4CAE-9E30-3FA5BDE38171}.Release|Any CPU.Build.0 = Release|Any CPU
		{38A38580-B440-480D-B15A-28022007658F}.Debug|Any CPU.ActiveCfg = Debug|Any CPU
		{38A38580-B440-480D-B15A-28022007658F}.Debug|Any CPU.Build.0 = Debug|Any CPU
		{38A38580-B440-480D-B15A-28022007658F}.Release|Any CPU.ActiveCfg = Release|Any CPU
		{38A38580-B440-480D-B15A-28022007658F}.Release|Any CPU.Build.0 = Release|Any CPU
		{C0CA37B8-35AB-44CB-9D72-808E8E1C7CD9}.Debug|Any CPU.ActiveCfg = Debug|Any CPU
		{C0CA37B8-35AB-44CB-9D72-808E8E1C7CD9}.Debug|Any CPU.Build.0 = Debug|Any CPU
		{C0CA37B8-35AB-44CB-9D72-808E8E1C7CD9}.Release|Any CPU.ActiveCfg = Release|Any CPU
		{C0CA37B8-35AB-44CB-9D72-808E8E1C7CD9}.Release|Any CPU.Build.0 = Release|Any CPU
	EndGlobalSection
	GlobalSection(SolutionProperties) = preSolution
		HideSolutionNode = FALSE
	EndGlobalSection
	GlobalSection(ExtensibilityGlobals) = postSolution
		SolutionGuid = {E2B7113D-7AA0-48B2-9452-6A9702D35842}
	EndGlobalSection
EndGlobal
